
Microsoft Visual Studio Solution File, Format Version 12.00
# Visual Studio Version 17
VisualStudioVersion = 17.3.32811.315
MinimumVisualStudioVersion = 10.0.40219.1
Project("{2150E333-8FDC-42A3-9474-1A3956D46DE8}") = "Day2", "Day2", "{CC39E61B-C14A-4BDE-8430-BDB547C70438}"
EndProject
Project("{9A19103F-16F7-4668-BE54-9A1E7A4F7556}") = "Implementation", "Day2\Implementation\Implementation.csproj", "{75BE659A-750C-42A7-B7D2-032F2CC9D2BA}"
EndProject
Project("{9A19103F-16F7-4668-BE54-9A1E7A4F7556}") = "Tests", "Day2\Tests\Tests.csproj", "{1C5E75F8-F354-43BF-BBF4-9BAED8275366}"
EndProject
Project("{2150E333-8FDC-42A3-9474-1A3956D46DE8}") = "Day3", "Day3", "{EEB5FFA3-B693-49C5-9BCF-2DE4DC91A48C}"
EndProject
Project("{9A19103F-16F7-4668-BE54-9A1E7A4F7556}") = "Implementation", "Day3\Implementation\Implementation.csproj", "{8BB18791-ED7D-47FB-91A3-0AA214C9F443}"
EndProject
Project("{9A19103F-16F7-4668-BE54-9A1E7A4F7556}") = "Tests", "Day3\Tests\Tests.csproj", "{959DE586-7EE4-459B-B9BF-4B3E14D7CAEC}"
EndProject
Project("{2150E333-8FDC-42A3-9474-1A3956D46DE8}") = "Day4", "Day4", "{7300292E-750A-4F3C-BB50-804F34B3FB2D}"
EndProject
Project("{9A19103F-16F7-4668-BE54-9A1E7A4F7556}") = "Day4", "Day4\Day4\Day4.csproj", "{147E3055-75C9-4907-B50D-FD4562ED1C1E}"
EndProject
Project("{9A19103F-16F7-4668-BE54-9A1E7A4F7556}") = "Tests - Day4", "Day4\Tests - Day4\Tests - Day4.csproj", "{46AE0E07-556A-4875-8CDC-360CC8C298F6}"
EndProject
Project("{2150E333-8FDC-42A3-9474-1A3956D46DE8}") = "Day5", "Day5", "{8CD4C55A-5A4C-4466-9B22-884025E26B8F}"
EndProject
Project("{9A19103F-16F7-4668-BE54-9A1E7A4F7556}") = "Tests - Day5", "Day5\Tests - Day5\Tests - Day5.csproj", "{A174DECA-96FE-46C5-9841-15FAF5B933C3}"
EndProject
Project("{9A19103F-16F7-4668-BE54-9A1E7A4F7556}") = "Day5", "Day5\Day5\Day5.csproj", "{9F0A38F7-EFF7-4D47-9460-B60BDC0C488D}"
EndProject
Project("{2150E333-8FDC-42A3-9474-1A3956D46DE8}") = "Day7", "Day7", "{F5DE5F31-1F46-4D09-AD0E-23CFE16FF31F}"
EndProject
Project("{2150E333-8FDC-42A3-9474-1A3956D46DE8}") = "Day8", "Day8", "{0965886A-6EE7-4DA2-9D38-083C9ECBC57D}"
EndProject
Project("{9A19103F-16F7-4668-BE54-9A1E7A4F7556}") = "Day7", "Day7\Day7Solution\Day7.csproj", "{E5A765B2-67F5-47E3-B525-3ACCFB50211C}"
EndProject
Project("{9A19103F-16F7-4668-BE54-9A1E7A4F7556}") = "Day8Solution", "Day8\Day8Solution\Day8Solution.csproj", "{2B276AA0-B617-4DFC-9D6E-44A157483466}"
EndProject
Project("{2150E333-8FDC-42A3-9474-1A3956D46DE8}") = "Day9", "Day9", "{A726CF91-2C9E-479E-9F3E-DB2343410FE5}"
EndProject
Project("{9A19103F-16F7-4668-BE54-9A1E7A4F7556}") = "Day9", "Day9\Day9\Day9.csproj", "{2F82AC6E-EBDA-4CA2-8B96-A95ED46F7803}"
EndProject
Project("{9A19103F-16F7-4668-BE54-9A1E7A4F7556}") = "Day10", "Day10\Day10.csproj", "{BA6D3E28-F923-4351-872E-95D72EAA34E7}"
EndProject
Project("{9A19103F-16F7-4668-BE54-9A1E7A4F7556}") = "Day11", "Day11\Day11.csproj", "{F0ED69CA-62B3-4FE4-9F6F-E3E9F81C6F29}"
EndProject
Project("{9A19103F-16F7-4668-BE54-9A1E7A4F7556}") = "Day12", "Day12\Day12.csproj", "{D011FD0E-80C8-4202-BAE2-011E47A21A61}"
EndProject
Project("{9A19103F-16F7-4668-BE54-9A1E7A4F7556}") = "Day13", "Day13\Day13.csproj", "{0C5F6BDC-AF54-4B9C-82F1-B74CC3623528}"
EndProject
Project("{FAE04EC0-301F-11D3-BF4B-00C04F79EFBC}") = "Day14", "Day14\Day14.csproj", "{BEC694EE-D26F-4EAC-8316-27CA3D2F5166}"
EndProject
Global
	GlobalSection(SolutionConfigurationPlatforms) = preSolution
		Debug|Any CPU = Debug|Any CPU
		Debug|x64 = Debug|x64
		Debug|x86 = Debug|x86
		Release|Any CPU = Release|Any CPU
		Release|x64 = Release|x64
		Release|x86 = Release|x86
	EndGlobalSection
	GlobalSection(ProjectConfigurationPlatforms) = postSolution
		{75BE659A-750C-42A7-B7D2-032F2CC9D2BA}.Debug|Any CPU.ActiveCfg = Debug|Any CPU
		{75BE659A-750C-42A7-B7D2-032F2CC9D2BA}.Debug|Any CPU.Build.0 = Debug|Any CPU
		{75BE659A-750C-42A7-B7D2-032F2CC9D2BA}.Debug|x64.ActiveCfg = Debug|Any CPU
		{75BE659A-750C-42A7-B7D2-032F2CC9D2BA}.Debug|x64.Build.0 = Debug|Any CPU
		{75BE659A-750C-42A7-B7D2-032F2CC9D2BA}.Debug|x86.ActiveCfg = Debug|Any CPU
		{75BE659A-750C-42A7-B7D2-032F2CC9D2BA}.Debug|x86.Build.0 = Debug|Any CPU
		{75BE659A-750C-42A7-B7D2-032F2CC9D2BA}.Release|Any CPU.ActiveCfg = Release|Any CPU
		{75BE659A-750C-42A7-B7D2-032F2CC9D2BA}.Release|Any CPU.Build.0 = Release|Any CPU
		{75BE659A-750C-42A7-B7D2-032F2CC9D2BA}.Release|x64.ActiveCfg = Release|Any CPU
		{75BE659A-750C-42A7-B7D2-032F2CC9D2BA}.Release|x64.Build.0 = Release|Any CPU
		{75BE659A-750C-42A7-B7D2-032F2CC9D2BA}.Release|x86.ActiveCfg = Release|Any CPU
		{75BE659A-750C-42A7-B7D2-032F2CC9D2BA}.Release|x86.Build.0 = Release|Any CPU
		{1C5E75F8-F354-43BF-BBF4-9BAED8275366}.Debug|Any CPU.ActiveCfg = Debug|Any CPU
		{1C5E75F8-F354-43BF-BBF4-9BAED8275366}.Debug|Any CPU.Build.0 = Debug|Any CPU
		{1C5E75F8-F354-43BF-BBF4-9BAED8275366}.Debug|x64.ActiveCfg = Debug|Any CPU
		{1C5E75F8-F354-43BF-BBF4-9BAED8275366}.Debug|x64.Build.0 = Debug|Any CPU
		{1C5E75F8-F354-43BF-BBF4-9BAED8275366}.Debug|x86.ActiveCfg = Debug|Any CPU
		{1C5E75F8-F354-43BF-BBF4-9BAED8275366}.Debug|x86.Build.0 = Debug|Any CPU
		{1C5E75F8-F354-43BF-BBF4-9BAED8275366}.Release|Any CPU.ActiveCfg = Release|Any CPU
		{1C5E75F8-F354-43BF-BBF4-9BAED8275366}.Release|Any CPU.Build.0 = Release|Any CPU
		{1C5E75F8-F354-43BF-BBF4-9BAED8275366}.Release|x64.ActiveCfg = Release|Any CPU
		{1C5E75F8-F354-43BF-BBF4-9BAED8275366}.Release|x64.Build.0 = Release|Any CPU
		{1C5E75F8-F354-43BF-BBF4-9BAED8275366}.Release|x86.ActiveCfg = Release|Any CPU
		{1C5E75F8-F354-43BF-BBF4-9BAED8275366}.Release|x86.Build.0 = Release|Any CPU
		{8BB18791-ED7D-47FB-91A3-0AA214C9F443}.Debug|Any CPU.ActiveCfg = Debug|Any CPU
		{8BB18791-ED7D-47FB-91A3-0AA214C9F443}.Debug|Any CPU.Build.0 = Debug|Any CPU
		{8BB18791-ED7D-47FB-91A3-0AA214C9F443}.Debug|x64.ActiveCfg = Debug|Any CPU
		{8BB18791-ED7D-47FB-91A3-0AA214C9F443}.Debug|x64.Build.0 = Debug|Any CPU
		{8BB18791-ED7D-47FB-91A3-0AA214C9F443}.Debug|x86.ActiveCfg = Debug|Any CPU
		{8BB18791-ED7D-47FB-91A3-0AA214C9F443}.Debug|x86.Build.0 = Debug|Any CPU
		{8BB18791-ED7D-47FB-91A3-0AA214C9F443}.Release|Any CPU.ActiveCfg = Release|Any CPU
		{8BB18791-ED7D-47FB-91A3-0AA214C9F443}.Release|Any CPU.Build.0 = Release|Any CPU
		{8BB18791-ED7D-47FB-91A3-0AA214C9F443}.Release|x64.ActiveCfg = Release|Any CPU
		{8BB18791-ED7D-47FB-91A3-0AA214C9F443}.Release|x64.Build.0 = Release|Any CPU
		{8BB18791-ED7D-47FB-91A3-0AA214C9F443}.Release|x86.ActiveCfg = Release|Any CPU
		{8BB18791-ED7D-47FB-91A3-0AA214C9F443}.Release|x86.Build.0 = Release|Any CPU
		{959DE586-7EE4-459B-B9BF-4B3E14D7CAEC}.Debug|Any CPU.ActiveCfg = Debug|Any CPU
		{959DE586-7EE4-459B-B9BF-4B3E14D7CAEC}.Debug|Any CPU.Build.0 = Debug|Any CPU
		{959DE586-7EE4-459B-B9BF-4B3E14D7CAEC}.Debug|x64.ActiveCfg = Debug|Any CPU
		{959DE586-7EE4-459B-B9BF-4B3E14D7CAEC}.Debug|x64.Build.0 = Debug|Any CPU
		{959DE586-7EE4-459B-B9BF-4B3E14D7CAEC}.Debug|x86.ActiveCfg = Debug|Any CPU
		{959DE586-7EE4-459B-B9BF-4B3E14D7CAEC}.Debug|x86.Build.0 = Debug|Any CPU
		{959DE586-7EE4-459B-B9BF-4B3E14D7CAEC}.Release|Any CPU.ActiveCfg = Release|Any CPU
		{959DE586-7EE4-459B-B9BF-4B3E14D7CAEC}.Release|Any CPU.Build.0 = Release|Any CPU
		{959DE586-7EE4-459B-B9BF-4B3E14D7CAEC}.Release|x64.ActiveCfg = Release|Any CPU
		{959DE586-7EE4-459B-B9BF-4B3E14D7CAEC}.Release|x64.Build.0 = Release|Any CPU
		{959DE586-7EE4-459B-B9BF-4B3E14D7CAEC}.Release|x86.ActiveCfg = Release|Any CPU
		{959DE586-7EE4-459B-B9BF-4B3E14D7CAEC}.Release|x86.Build.0 = Release|Any CPU
		{147E3055-75C9-4907-B50D-FD4562ED1C1E}.Debug|Any CPU.ActiveCfg = Debug|Any CPU
		{147E3055-75C9-4907-B50D-FD4562ED1C1E}.Debug|Any CPU.Build.0 = Debug|Any CPU
		{147E3055-75C9-4907-B50D-FD4562ED1C1E}.Debug|x64.ActiveCfg = Debug|Any CPU
		{147E3055-75C9-4907-B50D-FD4562ED1C1E}.Debug|x64.Build.0 = Debug|Any CPU
		{147E3055-75C9-4907-B50D-FD4562ED1C1E}.Debug|x86.ActiveCfg = Debug|Any CPU
		{147E3055-75C9-4907-B50D-FD4562ED1C1E}.Debug|x86.Build.0 = Debug|Any CPU
		{147E3055-75C9-4907-B50D-FD4562ED1C1E}.Release|Any CPU.ActiveCfg = Release|Any CPU
		{147E3055-75C9-4907-B50D-FD4562ED1C1E}.Release|Any CPU.Build.0 = Release|Any CPU
		{147E3055-75C9-4907-B50D-FD4562ED1C1E}.Release|x64.ActiveCfg = Release|Any CPU
		{147E3055-75C9-4907-B50D-FD4562ED1C1E}.Release|x64.Build.0 = Release|Any CPU
		{147E3055-75C9-4907-B50D-FD4562ED1C1E}.Release|x86.ActiveCfg = Release|Any CPU
		{147E3055-75C9-4907-B50D-FD4562ED1C1E}.Release|x86.Build.0 = Release|Any CPU
		{46AE0E07-556A-4875-8CDC-360CC8C298F6}.Debug|Any CPU.ActiveCfg = Debug|Any CPU
		{46AE0E07-556A-4875-8CDC-360CC8C298F6}.Debug|Any CPU.Build.0 = Debug|Any CPU
		{46AE0E07-556A-4875-8CDC-360CC8C298F6}.Debug|x64.ActiveCfg = Debug|Any CPU
		{46AE0E07-556A-4875-8CDC-360CC8C298F6}.Debug|x64.Build.0 = Debug|Any CPU
		{46AE0E07-556A-4875-8CDC-360CC8C298F6}.Debug|x86.ActiveCfg = Debug|Any CPU
		{46AE0E07-556A-4875-8CDC-360CC8C298F6}.Debug|x86.Build.0 = Debug|Any CPU
		{46AE0E07-556A-4875-8CDC-360CC8C298F6}.Release|Any CPU.ActiveCfg = Release|Any CPU
		{46AE0E07-556A-4875-8CDC-360CC8C298F6}.Release|Any CPU.Build.0 = Release|Any CPU
		{46AE0E07-556A-4875-8CDC-360CC8C298F6}.Release|x64.ActiveCfg = Release|Any CPU
		{46AE0E07-556A-4875-8CDC-360CC8C298F6}.Release|x64.Build.0 = Release|Any CPU
		{46AE0E07-556A-4875-8CDC-360CC8C298F6}.Release|x86.ActiveCfg = Release|Any CPU
		{46AE0E07-556A-4875-8CDC-360CC8C298F6}.Release|x86.Build.0 = Release|Any CPU
		{A174DECA-96FE-46C5-9841-15FAF5B933C3}.Debug|Any CPU.ActiveCfg = Debug|Any CPU
		{A174DECA-96FE-46C5-9841-15FAF5B933C3}.Debug|Any CPU.Build.0 = Debug|Any CPU
		{A174DECA-96FE-46C5-9841-15FAF5B933C3}.Debug|x64.ActiveCfg = Debug|Any CPU
		{A174DECA-96FE-46C5-9841-15FAF5B933C3}.Debug|x64.Build.0 = Debug|Any CPU
		{A174DECA-96FE-46C5-9841-15FAF5B933C3}.Debug|x86.ActiveCfg = Debug|Any CPU
		{A174DECA-96FE-46C5-9841-15FAF5B933C3}.Debug|x86.Build.0 = Debug|Any CPU
		{A174DECA-96FE-46C5-9841-15FAF5B933C3}.Release|Any CPU.ActiveCfg = Release|Any CPU
		{A174DECA-96FE-46C5-9841-15FAF5B933C3}.Release|Any CPU.Build.0 = Release|Any CPU
		{A174DECA-96FE-46C5-9841-15FAF5B933C3}.Release|x64.ActiveCfg = Release|Any CPU
		{A174DECA-96FE-46C5-9841-15FAF5B933C3}.Release|x64.Build.0 = Release|Any CPU
		{A174DECA-96FE-46C5-9841-15FAF5B933C3}.Release|x86.ActiveCfg = Release|Any CPU
		{A174DECA-96FE-46C5-9841-15FAF5B933C3}.Release|x86.Build.0 = Release|Any CPU
		{9F0A38F7-EFF7-4D47-9460-B60BDC0C488D}.Debug|Any CPU.ActiveCfg = Debug|Any CPU
		{9F0A38F7-EFF7-4D47-9460-B60BDC0C488D}.Debug|Any CPU.Build.0 = Debug|Any CPU
		{9F0A38F7-EFF7-4D47-9460-B60BDC0C488D}.Debug|x64.ActiveCfg = Debug|Any CPU
		{9F0A38F7-EFF7-4D47-9460-B60BDC0C488D}.Debug|x64.Build.0 = Debug|Any CPU
		{9F0A38F7-EFF7-4D47-9460-B60BDC0C488D}.Debug|x86.ActiveCfg = Debug|Any CPU
		{9F0A38F7-EFF7-4D47-9460-B60BDC0C488D}.Debug|x86.Build.0 = Debug|Any CPU
		{9F0A38F7-EFF7-4D47-9460-B60BDC0C488D}.Release|Any CPU.ActiveCfg = Release|Any CPU
		{9F0A38F7-EFF7-4D47-9460-B60BDC0C488D}.Release|Any CPU.Build.0 = Release|Any CPU
		{9F0A38F7-EFF7-4D47-9460-B60BDC0C488D}.Release|x64.ActiveCfg = Release|Any CPU
		{9F0A38F7-EFF7-4D47-9460-B60BDC0C488D}.Release|x64.Build.0 = Release|Any CPU
		{9F0A38F7-EFF7-4D47-9460-B60BDC0C488D}.Release|x86.ActiveCfg = Release|Any CPU
		{9F0A38F7-EFF7-4D47-9460-B60BDC0C488D}.Release|x86.Build.0 = Release|Any CPU
		{E5A765B2-67F5-47E3-B525-3ACCFB50211C}.Debug|Any CPU.ActiveCfg = Debug|Any CPU
		{E5A765B2-67F5-47E3-B525-3ACCFB50211C}.Debug|Any CPU.Build.0 = Debug|Any CPU
		{E5A765B2-67F5-47E3-B525-3ACCFB50211C}.Debug|x64.ActiveCfg = Debug|Any CPU
		{E5A765B2-67F5-47E3-B525-3ACCFB50211C}.Debug|x64.Build.0 = Debug|Any CPU
		{E5A765B2-67F5-47E3-B525-3ACCFB50211C}.Debug|x86.ActiveCfg = Debug|Any CPU
		{E5A765B2-67F5-47E3-B525-3ACCFB50211C}.Debug|x86.Build.0 = Debug|Any CPU
		{E5A765B2-67F5-47E3-B525-3ACCFB50211C}.Release|Any CPU.ActiveCfg = Release|Any CPU
		{E5A765B2-67F5-47E3-B525-3ACCFB50211C}.Release|Any CPU.Build.0 = Release|Any CPU
		{E5A765B2-67F5-47E3-B525-3ACCFB50211C}.Release|x64.ActiveCfg = Release|Any CPU
		{E5A765B2-67F5-47E3-B525-3ACCFB50211C}.Release|x64.Build.0 = Release|Any CPU
		{E5A765B2-67F5-47E3-B525-3ACCFB50211C}.Release|x86.ActiveCfg = Release|Any CPU
		{E5A765B2-67F5-47E3-B525-3ACCFB50211C}.Release|x86.Build.0 = Release|Any CPU
		{2B276AA0-B617-4DFC-9D6E-44A157483466}.Debug|Any CPU.ActiveCfg = Debug|Any CPU
		{2B276AA0-B617-4DFC-9D6E-44A157483466}.Debug|Any CPU.Build.0 = Debug|Any CPU
		{2B276AA0-B617-4DFC-9D6E-44A157483466}.Debug|x64.ActiveCfg = Debug|Any CPU
		{2B276AA0-B617-4DFC-9D6E-44A157483466}.Debug|x64.Build.0 = Debug|Any CPU
		{2B276AA0-B617-4DFC-9D6E-44A157483466}.Debug|x86.ActiveCfg = Debug|Any CPU
		{2B276AA0-B617-4DFC-9D6E-44A157483466}.Debug|x86.Build.0 = Debug|Any CPU
		{2B276AA0-B617-4DFC-9D6E-44A157483466}.Release|Any CPU.ActiveCfg = Release|Any CPU
		{2B276AA0-B617-4DFC-9D6E-44A157483466}.Release|Any CPU.Build.0 = Release|Any CPU
		{2B276AA0-B617-4DFC-9D6E-44A157483466}.Release|x64.ActiveCfg = Release|Any CPU
		{2B276AA0-B617-4DFC-9D6E-44A157483466}.Release|x64.Build.0 = Release|Any CPU
		{2B276AA0-B617-4DFC-9D6E-44A157483466}.Release|x86.ActiveCfg = Release|Any CPU
		{2B276AA0-B617-4DFC-9D6E-44A157483466}.Release|x86.Build.0 = Release|Any CPU
		{2F82AC6E-EBDA-4CA2-8B96-A95ED46F7803}.Debug|Any CPU.ActiveCfg = Debug|Any CPU
		{2F82AC6E-EBDA-4CA2-8B96-A95ED46F7803}.Debug|Any CPU.Build.0 = Debug|Any CPU
		{2F82AC6E-EBDA-4CA2-8B96-A95ED46F7803}.Debug|x64.ActiveCfg = Debug|Any CPU
		{2F82AC6E-EBDA-4CA2-8B96-A95ED46F7803}.Debug|x64.Build.0 = Debug|Any CPU
		{2F82AC6E-EBDA-4CA2-8B96-A95ED46F7803}.Debug|x86.ActiveCfg = Debug|Any CPU
		{2F82AC6E-EBDA-4CA2-8B96-A95ED46F7803}.Debug|x86.Build.0 = Debug|Any CPU
		{2F82AC6E-EBDA-4CA2-8B96-A95ED46F7803}.Release|Any CPU.ActiveCfg = Release|Any CPU
		{2F82AC6E-EBDA-4CA2-8B96-A95ED46F7803}.Release|Any CPU.Build.0 = Release|Any CPU
		{2F82AC6E-EBDA-4CA2-8B96-A95ED46F7803}.Release|x64.ActiveCfg = Release|Any CPU
		{2F82AC6E-EBDA-4CA2-8B96-A95ED46F7803}.Release|x64.Build.0 = Release|Any CPU
		{2F82AC6E-EBDA-4CA2-8B96-A95ED46F7803}.Release|x86.ActiveCfg = Release|Any CPU
		{2F82AC6E-EBDA-4CA2-8B96-A95ED46F7803}.Release|x86.Build.0 = Release|Any CPU
		{BA6D3E28-F923-4351-872E-95D72EAA34E7}.Debug|Any CPU.ActiveCfg = Debug|Any CPU
		{BA6D3E28-F923-4351-872E-95D72EAA34E7}.Debug|Any CPU.Build.0 = Debug|Any CPU
		{BA6D3E28-F923-4351-872E-95D72EAA34E7}.Debug|x64.ActiveCfg = Debug|Any CPU
		{BA6D3E28-F923-4351-872E-95D72EAA34E7}.Debug|x64.Build.0 = Debug|Any CPU
		{BA6D3E28-F923-4351-872E-95D72EAA34E7}.Debug|x86.ActiveCfg = Debug|Any CPU
		{BA6D3E28-F923-4351-872E-95D72EAA34E7}.Debug|x86.Build.0 = Debug|Any CPU
		{BA6D3E28-F923-4351-872E-95D72EAA34E7}.Release|Any CPU.ActiveCfg = Release|Any CPU
		{BA6D3E28-F923-4351-872E-95D72EAA34E7}.Release|Any CPU.Build.0 = Release|Any CPU
		{BA6D3E28-F923-4351-872E-95D72EAA34E7}.Release|x64.ActiveCfg = Release|Any CPU
		{BA6D3E28-F923-4351-872E-95D72EAA34E7}.Release|x64.Build.0 = Release|Any CPU
		{BA6D3E28-F923-4351-872E-95D72EAA34E7}.Release|x86.ActiveCfg = Release|Any CPU
		{BA6D3E28-F923-4351-872E-95D72EAA34E7}.Release|x86.Build.0 = Release|Any CPU
		{F0ED69CA-62B3-4FE4-9F6F-E3E9F81C6F29}.Debug|Any CPU.ActiveCfg = Debug|Any CPU
		{F0ED69CA-62B3-4FE4-9F6F-E3E9F81C6F29}.Debug|Any CPU.Build.0 = Debug|Any CPU
		{F0ED69CA-62B3-4FE4-9F6F-E3E9F81C6F29}.Debug|x64.ActiveCfg = Debug|Any CPU
		{F0ED69CA-62B3-4FE4-9F6F-E3E9F81C6F29}.Debug|x64.Build.0 = Debug|Any CPU
		{F0ED69CA-62B3-4FE4-9F6F-E3E9F81C6F29}.Debug|x86.ActiveCfg = Debug|Any CPU
		{F0ED69CA-62B3-4FE4-9F6F-E3E9F81C6F29}.Debug|x86.Build.0 = Debug|Any CPU
		{F0ED69CA-62B3-4FE4-9F6F-E3E9F81C6F29}.Release|Any CPU.ActiveCfg = Release|Any CPU
		{F0ED69CA-62B3-4FE4-9F6F-E3E9F81C6F29}.Release|Any CPU.Build.0 = Release|Any CPU
		{F0ED69CA-62B3-4FE4-9F6F-E3E9F81C6F29}.Release|x64.ActiveCfg = Release|Any CPU
		{F0ED69CA-62B3-4FE4-9F6F-E3E9F81C6F29}.Release|x64.Build.0 = Release|Any CPU
		{F0ED69CA-62B3-4FE4-9F6F-E3E9F81C6F29}.Release|x86.ActiveCfg = Release|Any CPU
		{F0ED69CA-62B3-4FE4-9F6F-E3E9F81C6F29}.Release|x86.Build.0 = Release|Any CPU
		{D011FD0E-80C8-4202-BAE2-011E47A21A61}.Debug|Any CPU.ActiveCfg = Debug|Any CPU
		{D011FD0E-80C8-4202-BAE2-011E47A21A61}.Debug|Any CPU.Build.0 = Debug|Any CPU
		{D011FD0E-80C8-4202-BAE2-011E47A21A61}.Debug|x64.ActiveCfg = Debug|Any CPU
		{D011FD0E-80C8-4202-BAE2-011E47A21A61}.Debug|x64.Build.0 = Debug|Any CPU
		{D011FD0E-80C8-4202-BAE2-011E47A21A61}.Debug|x86.ActiveCfg = Debug|Any CPU
		{D011FD0E-80C8-4202-BAE2-011E47A21A61}.Debug|x86.Build.0 = Debug|Any CPU
		{D011FD0E-80C8-4202-BAE2-011E47A21A61}.Release|Any CPU.ActiveCfg = Release|Any CPU
		{D011FD0E-80C8-4202-BAE2-011E47A21A61}.Release|Any CPU.Build.0 = Release|Any CPU
		{D011FD0E-80C8-4202-BAE2-011E47A21A61}.Release|x64.ActiveCfg = Release|Any CPU
		{D011FD0E-80C8-4202-BAE2-011E47A21A61}.Release|x64.Build.0 = Release|Any CPU
		{D011FD0E-80C8-4202-BAE2-011E47A21A61}.Release|x86.ActiveCfg = Release|Any CPU
		{D011FD0E-80C8-4202-BAE2-011E47A21A61}.Release|x86.Build.0 = Release|Any CPU
		{0C5F6BDC-AF54-4B9C-82F1-B74CC3623528}.Debug|Any CPU.ActiveCfg = Debug|Any CPU
		{0C5F6BDC-AF54-4B9C-82F1-B74CC3623528}.Debug|Any CPU.Build.0 = Debug|Any CPU
		{0C5F6BDC-AF54-4B9C-82F1-B74CC3623528}.Debug|x64.ActiveCfg = Debug|Any CPU
		{0C5F6BDC-AF54-4B9C-82F1-B74CC3623528}.Debug|x64.Build.0 = Debug|Any CPU
		{0C5F6BDC-AF54-4B9C-82F1-B74CC3623528}.Debug|x86.ActiveCfg = Debug|Any CPU
		{0C5F6BDC-AF54-4B9C-82F1-B74CC3623528}.Debug|x86.Build.0 = Debug|Any CPU
		{0C5F6BDC-AF54-4B9C-82F1-B74CC3623528}.Release|Any CPU.ActiveCfg = Release|Any CPU
		{0C5F6BDC-AF54-4B9C-82F1-B74CC3623528}.Release|Any CPU.Build.0 = Release|Any CPU
		{0C5F6BDC-AF54-4B9C-82F1-B74CC3623528}.Release|x64.ActiveCfg = Release|Any CPU
		{0C5F6BDC-AF54-4B9C-82F1-B74CC3623528}.Release|x64.Build.0 = Release|Any CPU
		{0C5F6BDC-AF54-4B9C-82F1-B74CC3623528}.Release|x86.ActiveCfg = Release|Any CPU
		{0C5F6BDC-AF54-4B9C-82F1-B74CC3623528}.Release|x86.Build.0 = Release|Any CPU
		{BEC694EE-D26F-4EAC-8316-27CA3D2F5166}.Debug|Any CPU.ActiveCfg = Debug|Any CPU
		{BEC694EE-D26F-4EAC-8316-27CA3D2F5166}.Debug|Any CPU.Build.0 = Debug|Any CPU
		{BEC694EE-D26F-4EAC-8316-27CA3D2F5166}.Debug|x64.ActiveCfg = Debug|Any CPU
		{BEC694EE-D26F-4EAC-8316-27CA3D2F5166}.Debug|x64.Build.0 = Debug|Any CPU
		{BEC694EE-D26F-4EAC-8316-27CA3D2F5166}.Debug|x86.ActiveCfg = Debug|Any CPU
		{BEC694EE-D26F-4EAC-8316-27CA3D2F5166}.Debug|x86.Build.0 = Debug|Any CPU
		{BEC694EE-D26F-4EAC-8316-27CA3D2F5166}.Release|Any CPU.ActiveCfg = Release|Any CPU
		{BEC694EE-D26F-4EAC-8316-27CA3D2F5166}.Release|Any CPU.Build.0 = Release|Any CPU
		{BEC694EE-D26F-4EAC-8316-27CA3D2F5166}.Release|x64.ActiveCfg = Release|Any CPU
		{BEC694EE-D26F-4EAC-8316-27CA3D2F5166}.Release|x64.Build.0 = Release|Any CPU
		{BEC694EE-D26F-4EAC-8316-27CA3D2F5166}.Release|x86.ActiveCfg = Release|Any CPU
		{BEC694EE-D26F-4EAC-8316-27CA3D2F5166}.Release|x86.Build.0 = Release|Any CPU
	EndGlobalSection
	GlobalSection(SolutionProperties) = preSolution
		HideSolutionNode = FALSE
	EndGlobalSection
	GlobalSection(NestedProjects) = preSolution
		{75BE659A-750C-42A7-B7D2-032F2CC9D2BA} = {CC39E61B-C14A-4BDE-8430-BDB547C70438}
		{1C5E75F8-F354-43BF-BBF4-9BAED8275366} = {CC39E61B-C14A-4BDE-8430-BDB547C70438}
		{8BB18791-ED7D-47FB-91A3-0AA214C9F443} = {EEB5FFA3-B693-49C5-9BCF-2DE4DC91A48C}
		{959DE586-7EE4-459B-B9BF-4B3E14D7CAEC} = {EEB5FFA3-B693-49C5-9BCF-2DE4DC91A48C}
		{147E3055-75C9-4907-B50D-FD4562ED1C1E} = {7300292E-750A-4F3C-BB50-804F34B3FB2D}
		{46AE0E07-556A-4875-8CDC-360CC8C298F6} = {7300292E-750A-4F3C-BB50-804F34B3FB2D}
		{A174DECA-96FE-46C5-9841-15FAF5B933C3} = {8CD4C55A-5A4C-4466-9B22-884025E26B8F}
		{9F0A38F7-EFF7-4D47-9460-B60BDC0C488D} = {8CD4C55A-5A4C-4466-9B22-884025E26B8F}
		{E5A765B2-67F5-47E3-B525-3ACCFB50211C} = {F5DE5F31-1F46-4D09-AD0E-23CFE16FF31F}
		{2B276AA0-B617-4DFC-9D6E-44A157483466} = {0965886A-6EE7-4DA2-9D38-083C9ECBC57D}
		{2F82AC6E-EBDA-4CA2-8B96-A95ED46F7803} = {A726CF91-2C9E-479E-9F3E-DB2343410FE5}
	EndGlobalSection
	GlobalSection(ExtensibilityGlobals) = postSolution
		SolutionGuid = {91E18539-D8BB-4E84-849B-F9E52399CD7E}
	EndGlobalSection
EndGlobal
