
Microsoft Visual Studio Solution File, Format Version 12.00
# Visual Studio Version 17
VisualStudioVersion = 17.3.32811.315
MinimumVisualStudioVersion = 10.0.40219.1
Project("{2150E333-8FDC-42A3-9474-1A3956D46DE8}") = "Day2", "Day2", "{CC39E61B-C14A-4BDE-8430-BDB547C70438}"
EndProject
Project("{9A19103F-16F7-4668-BE54-9A1E7A4F7556}") = "Implementation", "Day2\Implementation\Implementation.csproj", "{75BE659A-750C-42A7-B7D2-032F2CC9D2BA}"
EndProject
Project("{9A19103F-16F7-4668-BE54-9A1E7A4F7556}") = "Tests", "Day2\Tests\Tests.csproj", "{1C5E75F8-F354-43BF-BBF4-9BAED8275366}"
EndProject
Project("{2150E333-8FDC-42A3-9474-1A3956D46DE8}") = "Day3", "Day3", "{EEB5FFA3-B693-49C5-9BCF-2DE4DC91A48C}"
EndProject
Project("{FAE04EC0-301F-11D3-BF4B-00C04F79EFBC}") = "Implementation", "Day3\Implementation\Implementation.csproj", "{8BB18791-ED7D-47FB-91A3-0AA214C9F443}"
EndProject
Project("{FAE04EC0-301F-11D3-BF4B-00C04F79EFBC}") = "Tests", "Day3\Tests\Tests.csproj", "{959DE586-7EE4-459B-B9BF-4B3E14D7CAEC}"
EndProject
Global
	GlobalSection(SolutionConfigurationPlatforms) = preSolution
		Debug|Any CPU = Debug|Any CPU
		Debug|x64 = Debug|x64
		Debug|x86 = Debug|x86
		Release|Any CPU = Release|Any CPU
		Release|x64 = Release|x64
		Release|x86 = Release|x86
	EndGlobalSection
	GlobalSection(ProjectConfigurationPlatforms) = postSolution
		{75BE659A-750C-42A7-B7D2-032F2CC9D2BA}.Debug|Any CPU.ActiveCfg = Debug|Any CPU
		{75BE659A-750C-42A7-B7D2-032F2CC9D2BA}.Debug|Any CPU.Build.0 = Debug|Any CPU
		{75BE659A-750C-42A7-B7D2-032F2CC9D2BA}.Debug|x64.ActiveCfg = Debug|Any CPU
		{75BE659A-750C-42A7-B7D2-032F2CC9D2BA}.Debug|x64.Build.0 = Debug|Any CPU
		{75BE659A-750C-42A7-B7D2-032F2CC9D2BA}.Debug|x86.ActiveCfg = Debug|Any CPU
		{75BE659A-750C-42A7-B7D2-032F2CC9D2BA}.Debug|x86.Build.0 = Debug|Any CPU
		{75BE659A-750C-42A7-B7D2-032F2CC9D2BA}.Release|Any CPU.ActiveCfg = Release|Any CPU
		{75BE659A-750C-42A7-B7D2-032F2CC9D2BA}.Release|Any CPU.Build.0 = Release|Any CPU
		{75BE659A-750C-42A7-B7D2-032F2CC9D2BA}.Release|x64.ActiveCfg = Release|Any CPU
		{75BE659A-750C-42A7-B7D2-032F2CC9D2BA}.Release|x64.Build.0 = Release|Any CPU
		{75BE659A-750C-42A7-B7D2-032F2CC9D2BA}.Release|x86.ActiveCfg = Release|Any CPU
		{75BE659A-750C-42A7-B7D2-032F2CC9D2BA}.Release|x86.Build.0 = Release|Any CPU
		{1C5E75F8-F354-43BF-BBF4-9BAED8275366}.Debug|Any CPU.ActiveCfg = Debug|Any CPU
		{1C5E75F8-F354-43BF-BBF4-9BAED8275366}.Debug|Any CPU.Build.0 = Debug|Any CPU
		{1C5E75F8-F354-43BF-BBF4-9BAED8275366}.Debug|x64.ActiveCfg = Debug|Any CPU
		{1C5E75F8-F354-43BF-BBF4-9BAED8275366}.Debug|x64.Build.0 = Debug|Any CPU
		{1C5E75F8-F354-43BF-BBF4-9BAED8275366}.Debug|x86.ActiveCfg = Debug|Any CPU
		{1C5E75F8-F354-43BF-BBF4-9BAED8275366}.Debug|x86.Build.0 = Debug|Any CPU
		{1C5E75F8-F354-43BF-BBF4-9BAED8275366}.Release|Any CPU.ActiveCfg = Release|Any CPU
		{1C5E75F8-F354-43BF-BBF4-9BAED8275366}.Release|Any CPU.Build.0 = Release|Any CPU
		{1C5E75F8-F354-43BF-BBF4-9BAED8275366}.Release|x64.ActiveCfg = Release|Any CPU
		{1C5E75F8-F354-43BF-BBF4-9BAED8275366}.Release|x64.Build.0 = Release|Any CPU
		{1C5E75F8-F354-43BF-BBF4-9BAED8275366}.Release|x86.ActiveCfg = Release|Any CPU
		{1C5E75F8-F354-43BF-BBF4-9BAED8275366}.Release|x86.Build.0 = Release|Any CPU
		{8BB18791-ED7D-47FB-91A3-0AA214C9F443}.Debug|Any CPU.ActiveCfg = Debug|Any CPU
		{8BB18791-ED7D-47FB-91A3-0AA214C9F443}.Debug|Any CPU.Build.0 = Debug|Any CPU
		{8BB18791-ED7D-47FB-91A3-0AA214C9F443}.Debug|x64.ActiveCfg = Debug|Any CPU
		{8BB18791-ED7D-47FB-91A3-0AA214C9F443}.Debug|x64.Build.0 = Debug|Any CPU
		{8BB18791-ED7D-47FB-91A3-0AA214C9F443}.Debug|x86.ActiveCfg = Debug|Any CPU
		{8BB18791-ED7D-47FB-91A3-0AA214C9F443}.Debug|x86.Build.0 = Debug|Any CPU
		{8BB18791-ED7D-47FB-91A3-0AA214C9F443}.Release|Any CPU.ActiveCfg = Release|Any CPU
		{8BB18791-ED7D-47FB-91A3-0AA214C9F443}.Release|Any CPU.Build.0 = Release|Any CPU
		{8BB18791-ED7D-47FB-91A3-0AA214C9F443}.Release|x64.ActiveCfg = Release|Any CPU
		{8BB18791-ED7D-47FB-91A3-0AA214C9F443}.Release|x64.Build.0 = Release|Any CPU
		{8BB18791-ED7D-47FB-91A3-0AA214C9F443}.Release|x86.ActiveCfg = Release|Any CPU
		{8BB18791-ED7D-47FB-91A3-0AA214C9F443}.Release|x86.Build.0 = Release|Any CPU
		{959DE586-7EE4-459B-B9BF-4B3E14D7CAEC}.Debug|Any CPU.ActiveCfg = Debug|Any CPU
		{959DE586-7EE4-459B-B9BF-4B3E14D7CAEC}.Debug|Any CPU.Build.0 = Debug|Any CPU
		{959DE586-7EE4-459B-B9BF-4B3E14D7CAEC}.Debug|x64.ActiveCfg = Debug|Any CPU
		{959DE586-7EE4-459B-B9BF-4B3E14D7CAEC}.Debug|x64.Build.0 = Debug|Any CPU
		{959DE586-7EE4-459B-B9BF-4B3E14D7CAEC}.Debug|x86.ActiveCfg = Debug|Any CPU
		{959DE586-7EE4-459B-B9BF-4B3E14D7CAEC}.Debug|x86.Build.0 = Debug|Any CPU
		{959DE586-7EE4-459B-B9BF-4B3E14D7CAEC}.Release|Any CPU.ActiveCfg = Release|Any CPU
		{959DE586-7EE4-459B-B9BF-4B3E14D7CAEC}.Release|Any CPU.Build.0 = Release|Any CPU
		{959DE586-7EE4-459B-B9BF-4B3E14D7CAEC}.Release|x64.ActiveCfg = Release|Any CPU
		{959DE586-7EE4-459B-B9BF-4B3E14D7CAEC}.Release|x64.Build.0 = Release|Any CPU
		{959DE586-7EE4-459B-B9BF-4B3E14D7CAEC}.Release|x86.ActiveCfg = Release|Any CPU
		{959DE586-7EE4-459B-B9BF-4B3E14D7CAEC}.Release|x86.Build.0 = Release|Any CPU
	EndGlobalSection
	GlobalSection(SolutionProperties) = preSolution
		HideSolutionNode = FALSE
	EndGlobalSection
	GlobalSection(NestedProjects) = preSolution
		{75BE659A-750C-42A7-B7D2-032F2CC9D2BA} = {CC39E61B-C14A-4BDE-8430-BDB547C70438}
		{1C5E75F8-F354-43BF-BBF4-9BAED8275366} = {CC39E61B-C14A-4BDE-8430-BDB547C70438}
		{8BB18791-ED7D-47FB-91A3-0AA214C9F443} = {EEB5FFA3-B693-49C5-9BCF-2DE4DC91A48C}
		{959DE586-7EE4-459B-B9BF-4B3E14D7CAEC} = {EEB5FFA3-B693-49C5-9BCF-2DE4DC91A48C}
	EndGlobalSection
	GlobalSection(ExtensibilityGlobals) = postSolution
		SolutionGuid = {91E18539-D8BB-4E84-849B-F9E52399CD7E}
	EndGlobalSection
EndGlobal
